
Microsoft Visual Studio Solution File, Format Version 12.00
# Visual Studio Version 17
VisualStudioVersion = 17.5.33502.453
MinimumVisualStudioVersion = 10.0.40219.1
Project("{8BC9CEB8-8B4A-11D0-8D11-00A0C91BC942}") = "agora_manager", "agora_manager.vcxproj", "{CB5245FE-A37F-4863-ADE8-717E6093F5D9}"
EndProject
Project("{8BC9CEB8-8B4A-11D0-8D11-00A0C91BC942}") = "get_started", "..\get_started\get_started.vcxproj", "{21771529-B605-4BDA-9D34-ACEF0A1BBD3B}"
	ProjectSection(ProjectDependencies) = postProject
		{CB5245FE-A37F-4863-ADE8-717E6093F5D9} = {CB5245FE-A37F-4863-ADE8-717E6093F5D9}
	EndProjectSection
EndProject
Project("{8BC9CEB8-8B4A-11D0-8D11-00A0C91BC942}") = "call_quality", "..\call_quality\call_quality.vcxproj", "{AE9CE9AE-2DF3-4787-B5F3-CE90EA09D17B}"
	ProjectSection(ProjectDependencies) = postProject
		{CB5245FE-A37F-4863-ADE8-717E6093F5D9} = {CB5245FE-A37F-4863-ADE8-717E6093F5D9}
	EndProjectSection
EndProject
Project("{8BC9CEB8-8B4A-11D0-8D11-00A0C91BC942}") = "custom_audio_and_video", "..\custom_audio_and_video\custom_audio_and_video.vcxproj", "{41C78778-4C65-4490-B06A-E481986B015F}"
	ProjectSection(ProjectDependencies) = postProject
		{CB5245FE-A37F-4863-ADE8-717E6093F5D9} = {CB5245FE-A37F-4863-ADE8-717E6093F5D9}
	EndProjectSection
EndProject
Project("{8BC9CEB8-8B4A-11D0-8D11-00A0C91BC942}") = "play_media", "..\play_media\play_media.vcxproj", "{EB6B7C16-90B2-44E2-B6B2-45CB24EAB699}"
	ProjectSection(ProjectDependencies) = postProject
		{CB5245FE-A37F-4863-ADE8-717E6093F5D9} = {CB5245FE-A37F-4863-ADE8-717E6093F5D9}
	EndProjectSection
EndProject
Project("{8BC9CEB8-8B4A-11D0-8D11-00A0C91BC942}") = "cloud_proxy", "..\cloud-proxy\cloud-proxy.vcxproj", "{CA91131A-D9D4-4CF4-974C-3A31164CC638}"
	ProjectSection(ProjectDependencies) = postProject
		{CB5245FE-A37F-4863-ADE8-717E6093F5D9} = {CB5245FE-A37F-4863-ADE8-717E6093F5D9}
	EndProjectSection
EndProject
Project("{8BC9CEB8-8B4A-11D0-8D11-00A0C91BC942}") = "virtual_background", "..\virtual_background\virtual_background.vcxproj", "{39EC892E-C68C-4763-AF1B-34FE7C021BB9}"
	ProjectSection(ProjectDependencies) = postProject
		{CB5245FE-A37F-4863-ADE8-717E6093F5D9} = {CB5245FE-A37F-4863-ADE8-717E6093F5D9}
	EndProjectSection
EndProject
Project("{8BC9CEB8-8B4A-11D0-8D11-00A0C91BC942}") = "stream-raw-audio-and-video", "..\stream-raw-audio-and-video\stream-raw-audio-and-video.vcxproj", "{CF83017F-B3FC-4AF2-9858-99C88630DFAF}"
	ProjectSection(ProjectDependencies) = postProject
		{CB5245FE-A37F-4863-ADE8-717E6093F5D9} = {CB5245FE-A37F-4863-ADE8-717E6093F5D9}
	EndProjectSection
EndProject
Project("{8BC9CEB8-8B4A-11D0-8D11-00A0C91BC942}") = "geofencing", "..\geofencing\geofencing.vcxproj", "{6BE7B97A-CEC1-4CB4-AD21-472510E0F46C}"
	ProjectSection(ProjectDependencies) = postProject
		{CB5245FE-A37F-4863-ADE8-717E6093F5D9} = {CB5245FE-A37F-4863-ADE8-717E6093F5D9}
	EndProjectSection
EndProject
Global
	GlobalSection(SolutionConfigurationPlatforms) = preSolution
		Debug|x64 = Debug|x64
		Debug|x86 = Debug|x86
		Release|x64 = Release|x64
		Release|x86 = Release|x86
	EndGlobalSection
	GlobalSection(ProjectConfigurationPlatforms) = postSolution
		{CB5245FE-A37F-4863-ADE8-717E6093F5D9}.Debug|x64.ActiveCfg = Debug|x64
		{CB5245FE-A37F-4863-ADE8-717E6093F5D9}.Debug|x64.Build.0 = Debug|x64
		{CB5245FE-A37F-4863-ADE8-717E6093F5D9}.Debug|x86.ActiveCfg = Debug|Win32
		{CB5245FE-A37F-4863-ADE8-717E6093F5D9}.Debug|x86.Build.0 = Debug|Win32
		{CB5245FE-A37F-4863-ADE8-717E6093F5D9}.Release|x64.ActiveCfg = Release|x64
		{CB5245FE-A37F-4863-ADE8-717E6093F5D9}.Release|x64.Build.0 = Release|x64
		{CB5245FE-A37F-4863-ADE8-717E6093F5D9}.Release|x86.ActiveCfg = Release|Win32
		{CB5245FE-A37F-4863-ADE8-717E6093F5D9}.Release|x86.Build.0 = Release|Win32
		{21771529-B605-4BDA-9D34-ACEF0A1BBD3B}.Debug|x64.ActiveCfg = Debug|x64
		{21771529-B605-4BDA-9D34-ACEF0A1BBD3B}.Debug|x64.Build.0 = Debug|x64
		{21771529-B605-4BDA-9D34-ACEF0A1BBD3B}.Debug|x86.ActiveCfg = Debug|Win32
		{21771529-B605-4BDA-9D34-ACEF0A1BBD3B}.Debug|x86.Build.0 = Debug|Win32
		{21771529-B605-4BDA-9D34-ACEF0A1BBD3B}.Release|x64.ActiveCfg = Release|x64
		{21771529-B605-4BDA-9D34-ACEF0A1BBD3B}.Release|x64.Build.0 = Release|x64
		{21771529-B605-4BDA-9D34-ACEF0A1BBD3B}.Release|x86.ActiveCfg = Release|Win32
		{21771529-B605-4BDA-9D34-ACEF0A1BBD3B}.Release|x86.Build.0 = Release|Win32
		{AE9CE9AE-2DF3-4787-B5F3-CE90EA09D17B}.Debug|x64.ActiveCfg = Debug|x64
		{AE9CE9AE-2DF3-4787-B5F3-CE90EA09D17B}.Debug|x64.Build.0 = Debug|x64
		{AE9CE9AE-2DF3-4787-B5F3-CE90EA09D17B}.Debug|x86.ActiveCfg = Debug|Win32
		{AE9CE9AE-2DF3-4787-B5F3-CE90EA09D17B}.Debug|x86.Build.0 = Debug|Win32
		{AE9CE9AE-2DF3-4787-B5F3-CE90EA09D17B}.Release|x64.ActiveCfg = Release|x64
		{AE9CE9AE-2DF3-4787-B5F3-CE90EA09D17B}.Release|x64.Build.0 = Release|x64
		{AE9CE9AE-2DF3-4787-B5F3-CE90EA09D17B}.Release|x86.ActiveCfg = Release|Win32
		{AE9CE9AE-2DF3-4787-B5F3-CE90EA09D17B}.Release|x86.Build.0 = Release|Win32
		{41C78778-4C65-4490-B06A-E481986B015F}.Debug|x64.ActiveCfg = Debug|x64
		{41C78778-4C65-4490-B06A-E481986B015F}.Debug|x64.Build.0 = Debug|x64
		{41C78778-4C65-4490-B06A-E481986B015F}.Debug|x86.ActiveCfg = Debug|Win32
		{41C78778-4C65-4490-B06A-E481986B015F}.Debug|x86.Build.0 = Debug|Win32
		{41C78778-4C65-4490-B06A-E481986B015F}.Release|x64.ActiveCfg = Release|x64
		{41C78778-4C65-4490-B06A-E481986B015F}.Release|x64.Build.0 = Release|x64
		{41C78778-4C65-4490-B06A-E481986B015F}.Release|x86.ActiveCfg = Release|Win32
		{41C78778-4C65-4490-B06A-E481986B015F}.Release|x86.Build.0 = Release|Win32
		{EB6B7C16-90B2-44E2-B6B2-45CB24EAB699}.Debug|x64.ActiveCfg = Debug|x64
		{EB6B7C16-90B2-44E2-B6B2-45CB24EAB699}.Debug|x64.Build.0 = Debug|x64
		{EB6B7C16-90B2-44E2-B6B2-45CB24EAB699}.Debug|x86.ActiveCfg = Debug|Win32
		{EB6B7C16-90B2-44E2-B6B2-45CB24EAB699}.Debug|x86.Build.0 = Debug|Win32
		{EB6B7C16-90B2-44E2-B6B2-45CB24EAB699}.Release|x64.ActiveCfg = Release|x64
		{EB6B7C16-90B2-44E2-B6B2-45CB24EAB699}.Release|x64.Build.0 = Release|x64
		{EB6B7C16-90B2-44E2-B6B2-45CB24EAB699}.Release|x86.ActiveCfg = Release|Win32
		{EB6B7C16-90B2-44E2-B6B2-45CB24EAB699}.Release|x86.Build.0 = Release|Win32
		{CA91131A-D9D4-4CF4-974C-3A31164CC638}.Debug|x64.ActiveCfg = Debug|x64
		{CA91131A-D9D4-4CF4-974C-3A31164CC638}.Debug|x64.Build.0 = Debug|x64
		{CA91131A-D9D4-4CF4-974C-3A31164CC638}.Debug|x86.ActiveCfg = Debug|Win32
		{CA91131A-D9D4-4CF4-974C-3A31164CC638}.Debug|x86.Build.0 = Debug|Win32
		{CA91131A-D9D4-4CF4-974C-3A31164CC638}.Release|x64.ActiveCfg = Release|x64
		{CA91131A-D9D4-4CF4-974C-3A31164CC638}.Release|x64.Build.0 = Release|x64
		{CA91131A-D9D4-4CF4-974C-3A31164CC638}.Release|x86.ActiveCfg = Release|Win32
		{CA91131A-D9D4-4CF4-974C-3A31164CC638}.Release|x86.Build.0 = Release|Win32
		{39EC892E-C68C-4763-AF1B-34FE7C021BB9}.Debug|x64.ActiveCfg = Debug|x64
		{39EC892E-C68C-4763-AF1B-34FE7C021BB9}.Debug|x64.Build.0 = Debug|x64
		{39EC892E-C68C-4763-AF1B-34FE7C021BB9}.Debug|x86.ActiveCfg = Debug|Win32
		{39EC892E-C68C-4763-AF1B-34FE7C021BB9}.Debug|x86.Build.0 = Debug|Win32
		{39EC892E-C68C-4763-AF1B-34FE7C021BB9}.Release|x64.ActiveCfg = Release|x64
		{39EC892E-C68C-4763-AF1B-34FE7C021BB9}.Release|x64.Build.0 = Release|x64
		{39EC892E-C68C-4763-AF1B-34FE7C021BB9}.Release|x86.ActiveCfg = Release|Win32
		{39EC892E-C68C-4763-AF1B-34FE7C021BB9}.Release|x86.Build.0 = Release|Win32
		{CF83017F-B3FC-4AF2-9858-99C88630DFAF}.Debug|x64.ActiveCfg = Debug|x64
		{CF83017F-B3FC-4AF2-9858-99C88630DFAF}.Debug|x64.Build.0 = Debug|x64
		{CF83017F-B3FC-4AF2-9858-99C88630DFAF}.Debug|x86.ActiveCfg = Debug|Win32
		{CF83017F-B3FC-4AF2-9858-99C88630DFAF}.Debug|x86.Build.0 = Debug|Win32
		{CF83017F-B3FC-4AF2-9858-99C88630DFAF}.Release|x64.ActiveCfg = Release|x64
		{CF83017F-B3FC-4AF2-9858-99C88630DFAF}.Release|x64.Build.0 = Release|x64
		{CF83017F-B3FC-4AF2-9858-99C88630DFAF}.Release|x86.ActiveCfg = Release|Win32
		{CF83017F-B3FC-4AF2-9858-99C88630DFAF}.Release|x86.Build.0 = Release|Win32
		{6BE7B97A-CEC1-4CB4-AD21-472510E0F46C}.Debug|x64.ActiveCfg = Debug|x64
		{6BE7B97A-CEC1-4CB4-AD21-472510E0F46C}.Debug|x64.Build.0 = Debug|x64
		{6BE7B97A-CEC1-4CB4-AD21-472510E0F46C}.Debug|x86.ActiveCfg = Debug|Win32
		{6BE7B97A-CEC1-4CB4-AD21-472510E0F46C}.Debug|x86.Build.0 = Debug|Win32
		{6BE7B97A-CEC1-4CB4-AD21-472510E0F46C}.Release|x64.ActiveCfg = Release|x64
		{6BE7B97A-CEC1-4CB4-AD21-472510E0F46C}.Release|x64.Build.0 = Release|x64
		{6BE7B97A-CEC1-4CB4-AD21-472510E0F46C}.Release|x86.ActiveCfg = Release|Win32
		{6BE7B97A-CEC1-4CB4-AD21-472510E0F46C}.Release|x86.Build.0 = Release|Win32
	EndGlobalSection
	GlobalSection(SolutionProperties) = preSolution
		HideSolutionNode = FALSE
	EndGlobalSection
	GlobalSection(ExtensibilityGlobals) = postSolution
		SolutionGuid = {D07881E4-DD83-40A8-BE2B-4A406B5E24B4}
	EndGlobalSection
EndGlobal
